
Microsoft Visual Studio Solution File, Format Version 12.00
# Visual Studio Version 17
VisualStudioVersion = 17.5.2.0
MinimumVisualStudioVersion = 10.0.40219.1
Project("{FAE04EC0-301F-11D3-BF4B-00C04F79EFBC}") = "selenium-ui-dotnet", "selenium-ui-dotnet.csproj", "{D4CF80F5-6090-4152-1F28-EBC4A4A742E1}"
EndProject
Project("{FAE04EC0-301F-11D3-BF4B-00C04F79EFBC}") = "Pages", "Pages\Pages.csproj", "{0C8136D9-B5DE-434E-8808-56FE80A95820}"
EndProject
Project("{FAE04EC0-301F-11D3-BF4B-00C04F79EFBC}") = "Tests", "Tests\Tests.csproj", "{D7DA8F62-40EE-4626-992D-357EF28316C3}"
EndProject
Global
	GlobalSection(SolutionConfigurationPlatforms) = preSolution
		Debug|Any CPU = Debug|Any CPU
		Debug|x64 = Debug|x64
		Debug|x86 = Debug|x86
		Release|Any CPU = Release|Any CPU
		Release|x64 = Release|x64
		Release|x86 = Release|x86
	EndGlobalSection
	GlobalSection(ProjectConfigurationPlatforms) = postSolution
		{D4CF80F5-6090-4152-1F28-EBC4A4A742E1}.Debug|Any CPU.ActiveCfg = Debug|Any CPU
		{D4CF80F5-6090-4152-1F28-EBC4A4A742E1}.Debug|Any CPU.Build.0 = Debug|Any CPU
		{D4CF80F5-6090-4152-1F28-EBC4A4A742E1}.Debug|x64.ActiveCfg = Debug|Any CPU
		{D4CF80F5-6090-4152-1F28-EBC4A4A742E1}.Debug|x64.Build.0 = Debug|Any CPU
		{D4CF80F5-6090-4152-1F28-EBC4A4A742E1}.Debug|x86.ActiveCfg = Debug|Any CPU
		{D4CF80F5-6090-4152-1F28-EBC4A4A742E1}.Debug|x86.Build.0 = Debug|Any CPU
		{D4CF80F5-6090-4152-1F28-EBC4A4A742E1}.Release|Any CPU.ActiveCfg = Release|Any CPU
		{D4CF80F5-6090-4152-1F28-EBC4A4A742E1}.Release|Any CPU.Build.0 = Release|Any CPU
		{D4CF80F5-6090-4152-1F28-EBC4A4A742E1}.Release|x64.ActiveCfg = Release|Any CPU
		{D4CF80F5-6090-4152-1F28-EBC4A4A742E1}.Release|x64.Build.0 = Release|Any CPU
		{D4CF80F5-6090-4152-1F28-EBC4A4A742E1}.Release|x86.ActiveCfg = Release|Any CPU
		{D4CF80F5-6090-4152-1F28-EBC4A4A742E1}.Release|x86.Build.0 = Release|Any CPU
		{0C8136D9-B5DE-434E-8808-56FE80A95820}.Debug|Any CPU.ActiveCfg = Debug|Any CPU
		{0C8136D9-B5DE-434E-8808-56FE80A95820}.Debug|Any CPU.Build.0 = Debug|Any CPU
		{0C8136D9-B5DE-434E-8808-56FE80A95820}.Debug|x64.ActiveCfg = Debug|Any CPU
		{0C8136D9-B5DE-434E-8808-56FE80A95820}.Debug|x64.Build.0 = Debug|Any CPU
		{0C8136D9-B5DE-434E-8808-56FE80A95820}.Debug|x86.ActiveCfg = Debug|Any CPU
		{0C8136D9-B5DE-434E-8808-56FE80A95820}.Debug|x86.Build.0 = Debug|Any CPU
		{0C8136D9-B5DE-434E-8808-56FE80A95820}.Release|Any CPU.ActiveCfg = Release|Any CPU
		{0C8136D9-B5DE-434E-8808-56FE80A95820}.Release|Any CPU.Build.0 = Release|Any CPU
		{0C8136D9-B5DE-434E-8808-56FE80A95820}.Release|x64.ActiveCfg = Release|Any CPU
		{0C8136D9-B5DE-434E-8808-56FE80A95820}.Release|x64.Build.0 = Release|Any CPU
		{0C8136D9-B5DE-434E-8808-56FE80A95820}.Release|x86.ActiveCfg = Release|Any CPU
		{0C8136D9-B5DE-434E-8808-56FE80A95820}.Release|x86.Build.0 = Release|Any CPU
		{D7DA8F62-40EE-4626-992D-357EF28316C3}.Debug|Any CPU.ActiveCfg = Debug|Any CPU
		{D7DA8F62-40EE-4626-992D-357EF28316C3}.Debug|Any CPU.Build.0 = Debug|Any CPU
		{D7DA8F62-40EE-4626-992D-357EF28316C3}.Debug|x64.ActiveCfg = Debug|Any CPU
		{D7DA8F62-40EE-4626-992D-357EF28316C3}.Debug|x64.Build.0 = Debug|Any CPU
		{D7DA8F62-40EE-4626-992D-357EF28316C3}.Debug|x86.ActiveCfg = Debug|Any CPU
		{D7DA8F62-40EE-4626-992D-357EF28316C3}.Debug|x86.Build.0 = Debug|Any CPU
		{D7DA8F62-40EE-4626-992D-357EF28316C3}.Release|Any CPU.ActiveCfg = Release|Any CPU
		{D7DA8F62-40EE-4626-992D-357EF28316C3}.Release|Any CPU.Build.0 = Release|Any CPU
		{D7DA8F62-40EE-4626-992D-357EF28316C3}.Release|x64.ActiveCfg = Release|Any CPU
		{D7DA8F62-40EE-4626-992D-357EF28316C3}.Release|x64.Build.0 = Release|Any CPU
		{D7DA8F62-40EE-4626-992D-357EF28316C3}.Release|x86.ActiveCfg = Release|Any CPU
		{D7DA8F62-40EE-4626-992D-357EF28316C3}.Release|x86.Build.0 = Release|Any CPU
	EndGlobalSection
	GlobalSection(SolutionProperties) = preSolution
		HideSolutionNode = FALSE
	EndGlobalSection
	GlobalSection(ExtensibilityGlobals) = postSolution
		SolutionGuid = {2CF395E4-3CBD-479D-8B69-4ED3E22CC2FF}
	EndGlobalSection
EndGlobal
